
Microsoft Visual Studio Solution File, Format Version 12.00
# Visual Studio 15
Project("{FAE04EC0-301F-11D3-BF4B-00C04F79EFBC}") = "2", "2\2.csproj", "{1982EC79-495D-400D-A5EB-674C16EA219D}"
EndProject
Global
	GlobalSection(SolutionConfigurationPlatforms) = preSolution
		Debug|Any CPU = Debug|Any CPU
		Release|Any CPU = Release|Any CPU
	EndGlobalSection
	GlobalSection(ProjectConfigurationPlatforms) = postSolution
		{1982EC79-495D-400D-A5EB-674C16EA219D}.Debug|Any CPU.ActiveCfg = Debug|Any CPU
		{1982EC79-495D-400D-A5EB-674C16EA219D}.Debug|Any CPU.Build.0 = Debug|Any CPU
		{1982EC79-495D-400D-A5EB-674C16EA219D}.Release|Any CPU.ActiveCfg = Release|Any CPU
		{1982EC79-495D-400D-A5EB-674C16EA219D}.Release|Any CPU.Build.0 = Release|Any CPU
	EndGlobalSection
EndGlobal
